// !$*UTF8*$!
{
	archiveVersion = 1;
	classes = {
	};
	objectVersion = 46;
	objects = {

/* Begin PBXBuildFile section */
		5A004AB71D87D92F009EBC86 /* MarkerInfoControllerDelegate.swift in Sources */ = {isa = PBXBuildFile; fileRef = 5A004AB61D87D92F009EBC86 /* MarkerInfoControllerDelegate.swift */; };
		5A004AB91D885179009EBC86 /* Colors.swift in Sources */ = {isa = PBXBuildFile; fileRef = 5A004AB81D885179009EBC86 /* Colors.swift */; };
		5A0057E81D853F6400F1B18A /* MarkerInfoController.swift in Sources */ = {isa = PBXBuildFile; fileRef = 5A0057E71D853F6400F1B18A /* MarkerInfoController.swift */; };
		5A0057EA1D85473000F1B18A /* DataPasserController.swift in Sources */ = {isa = PBXBuildFile; fileRef = 5A0057E91D85473000F1B18A /* DataPasserController.swift */; };
		5A0057EC1D856F8C00F1B18A /* CDUtils.swift in Sources */ = {isa = PBXBuildFile; fileRef = 5A0057EB1D856F8C00F1B18A /* CDUtils.swift */; };
		5AF9095A1D905EA70018D1DC /* SettingsController.swift in Sources */ = {isa = PBXBuildFile; fileRef = 5AF909591D905EA70018D1DC /* SettingsController.swift */; };
		5AFBF5811D83F64D00B95D2D /* Eureka.framework in Frameworks */ = {isa = PBXBuildFile; fileRef = 5AFBF5801D83F64D00B95D2D /* Eureka.framework */; };
		5AFBF5841D8404C600B95D2D /* Marker+CoreDataProperties.swift in Sources */ = {isa = PBXBuildFile; fileRef = 5AFBF5821D8404C600B95D2D /* Marker+CoreDataProperties.swift */; };
		5AFBF5851D8404C600B95D2D /* Marker.swift in Sources */ = {isa = PBXBuildFile; fileRef = 5AFBF5831D8404C600B95D2D /* Marker.swift */; };
		5AFE2B9A1D81C73800F483DD /* SecretStuff.swift in Sources */ = {isa = PBXBuildFile; fileRef = 5AFE2B991D81C73800F483DD /* SecretStuff.swift */; };
		5AFF62941D868473004217D3 /* FormTags.swift in Sources */ = {isa = PBXBuildFile; fileRef = 5AFF62931D868473004217D3 /* FormTags.swift */; };
		5AFF70341D7EB02200252E53 /* AppDelegate.swift in Sources */ = {isa = PBXBuildFile; fileRef = 5AFF70331D7EB02200252E53 /* AppDelegate.swift */; };
		5AFF70361D7EB02200252E53 /* MapController.swift in Sources */ = {isa = PBXBuildFile; fileRef = 5AFF70351D7EB02200252E53 /* MapController.swift */; };
		5AFF70391D7EB02200252E53 /* Main.storyboard in Resources */ = {isa = PBXBuildFile; fileRef = 5AFF70371D7EB02200252E53 /* Main.storyboard */; };
		5AFF703C1D7EB02200252E53 /* LongLatMap.xcdatamodeld in Sources */ = {isa = PBXBuildFile; fileRef = 5AFF703A1D7EB02200252E53 /* LongLatMap.xcdatamodeld */; };
		5AFF703E1D7EB02200252E53 /* Assets.xcassets in Resources */ = {isa = PBXBuildFile; fileRef = 5AFF703D1D7EB02200252E53 /* Assets.xcassets */; };
		5AFF70411D7EB02200252E53 /* LaunchScreen.storyboard in Resources */ = {isa = PBXBuildFile; fileRef = 5AFF703F1D7EB02200252E53 /* LaunchScreen.storyboard */; };
		5AFF704B1D7EB1B100252E53 /* ASToast.framework in Frameworks */ = {isa = PBXBuildFile; fileRef = 5AFF70481D7EB1B100252E53 /* ASToast.framework */; };
		5AFF704C1D7EB1B100252E53 /* EZSwiftExtensions.framework in Frameworks */ = {isa = PBXBuildFile; fileRef = 5AFF70491D7EB1B100252E53 /* EZSwiftExtensions.framework */; };
		5AFFF3E91D91AF0C007E8913 /* MapType.swift in Sources */ = {isa = PBXBuildFile; fileRef = 5AFFF3E81D91AF0C007E8913 /* MapType.swift */; };
		C19307C897365C82CB31AC71 /* Pods_LongLatMap.framework in Frameworks */ = {isa = PBXBuildFile; fileRef = 011B55DC0C7150689C34DEBD /* Pods_LongLatMap.framework */; };
/* End PBXBuildFile section */

/* Begin PBXFileReference section */
		011B55DC0C7150689C34DEBD /* Pods_LongLatMap.framework */ = {isa = PBXFileReference; explicitFileType = wrapper.framework; includeInIndex = 0; path = Pods_LongLatMap.framework; sourceTree = BUILT_PRODUCTS_DIR; };
		5A004AB61D87D92F009EBC86 /* MarkerInfoControllerDelegate.swift */ = {isa = PBXFileReference; fileEncoding = 4; lastKnownFileType = sourcecode.swift; path = MarkerInfoControllerDelegate.swift; sourceTree = "<group>"; };
		5A004AB81D885179009EBC86 /* Colors.swift */ = {isa = PBXFileReference; fileEncoding = 4; lastKnownFileType = sourcecode.swift; path = Colors.swift; sourceTree = "<group>"; };
		5A0057E71D853F6400F1B18A /* MarkerInfoController.swift */ = {isa = PBXFileReference; fileEncoding = 4; lastKnownFileType = sourcecode.swift; path = MarkerInfoController.swift; sourceTree = "<group>"; };
		5A0057E91D85473000F1B18A /* DataPasserController.swift */ = {isa = PBXFileReference; fileEncoding = 4; lastKnownFileType = sourcecode.swift; path = DataPasserController.swift; sourceTree = "<group>"; };
		5A0057EB1D856F8C00F1B18A /* CDUtils.swift */ = {isa = PBXFileReference; fileEncoding = 4; lastKnownFileType = sourcecode.swift; path = CDUtils.swift; sourceTree = "<group>"; };
		5AF909591D905EA70018D1DC /* SettingsController.swift */ = {isa = PBXFileReference; fileEncoding = 4; lastKnownFileType = sourcecode.swift; path = SettingsController.swift; sourceTree = "<group>"; };
		5AFBF5801D83F64D00B95D2D /* Eureka.framework */ = {isa = PBXFileReference; lastKnownFileType = wrapper.framework; name = Eureka.framework; path = "../../Library/Developer/Xcode/DerivedData/LongLatMap-falxoztefmolsegzjnzlxcdaxaay/Build/Products/Debug-iphonesimulator/Eureka/Eureka.framework"; sourceTree = "<group>"; };
		5AFBF5821D8404C600B95D2D /* Marker+CoreDataProperties.swift */ = {isa = PBXFileReference; fileEncoding = 4; lastKnownFileType = sourcecode.swift; path = "Marker+CoreDataProperties.swift"; sourceTree = "<group>"; };
		5AFBF5831D8404C600B95D2D /* Marker.swift */ = {isa = PBXFileReference; fileEncoding = 4; lastKnownFileType = sourcecode.swift; path = Marker.swift; sourceTree = "<group>"; };
		5AFE2B991D81C73800F483DD /* SecretStuff.swift */ = {isa = PBXFileReference; fileEncoding = 4; lastKnownFileType = sourcecode.swift; path = SecretStuff.swift; sourceTree = "<group>"; };
		5AFF62931D868473004217D3 /* FormTags.swift */ = {isa = PBXFileReference; fileEncoding = 4; lastKnownFileType = sourcecode.swift; path = FormTags.swift; sourceTree = "<group>"; };
		5AFF70301D7EB02200252E53 /* LongLatMap.app */ = {isa = PBXFileReference; explicitFileType = wrapper.application; includeInIndex = 0; path = LongLatMap.app; sourceTree = BUILT_PRODUCTS_DIR; };
		5AFF70331D7EB02200252E53 /* AppDelegate.swift */ = {isa = PBXFileReference; lastKnownFileType = sourcecode.swift; path = AppDelegate.swift; sourceTree = "<group>"; };
		5AFF70351D7EB02200252E53 /* MapController.swift */ = {isa = PBXFileReference; lastKnownFileType = sourcecode.swift; path = MapController.swift; sourceTree = "<group>"; };
		5AFF70381D7EB02200252E53 /* Base */ = {isa = PBXFileReference; lastKnownFileType = file.storyboard; name = Base; path = Base.lproj/Main.storyboard; sourceTree = "<group>"; };
		5AFF703B1D7EB02200252E53 /* LongLatMap.xcdatamodel */ = {isa = PBXFileReference; lastKnownFileType = wrapper.xcdatamodel; path = LongLatMap.xcdatamodel; sourceTree = "<group>"; };
		5AFF703D1D7EB02200252E53 /* Assets.xcassets */ = {isa = PBXFileReference; lastKnownFileType = folder.assetcatalog; path = Assets.xcassets; sourceTree = "<group>"; };
		5AFF70401D7EB02200252E53 /* Base */ = {isa = PBXFileReference; lastKnownFileType = file.storyboard; name = Base; path = Base.lproj/LaunchScreen.storyboard; sourceTree = "<group>"; };
		5AFF70421D7EB02200252E53 /* Info.plist */ = {isa = PBXFileReference; lastKnownFileType = text.plist.xml; path = Info.plist; sourceTree = "<group>"; };
		5AFF70481D7EB1B100252E53 /* ASToast.framework */ = {isa = PBXFileReference; lastKnownFileType = wrapper.framework; name = ASToast.framework; path = "../../Library/Developer/Xcode/DerivedData/LongLatMap-falxoztefmolsegzjnzlxcdaxaay/Build/Products/Debug-iphonesimulator/ASToast/ASToast.framework"; sourceTree = "<group>"; };
		5AFF70491D7EB1B100252E53 /* EZSwiftExtensions.framework */ = {isa = PBXFileReference; lastKnownFileType = wrapper.framework; name = EZSwiftExtensions.framework; path = "../../Library/Developer/Xcode/DerivedData/LongLatMap-falxoztefmolsegzjnzlxcdaxaay/Build/Products/Debug-iphonesimulator/EZSwiftExtensions/EZSwiftExtensions.framework"; sourceTree = "<group>"; };
		5AFF704A1D7EB1B100252E53 /* ISHHoverBar.framework */ = {isa = PBXFileReference; lastKnownFileType = wrapper.framework; name = ISHHoverBar.framework; path = "../../Library/Developer/Xcode/DerivedData/LongLatMap-falxoztefmolsegzjnzlxcdaxaay/Build/Products/Debug-iphonesimulator/ISHHoverBar/ISHHoverBar.framework"; sourceTree = "<group>"; };
		5AFF704E1D7EB1B800252E53 /* MapKit.framework */ = {isa = PBXFileReference; lastKnownFileType = wrapper.framework; name = MapKit.framework; path = System/Library/Frameworks/MapKit.framework; sourceTree = SDKROOT; };
		5AFFF3E81D91AF0C007E8913 /* MapType.swift */ = {isa = PBXFileReference; fileEncoding = 4; lastKnownFileType = sourcecode.swift; path = MapType.swift; sourceTree = "<group>"; };
		D1B595A3B6F39532DF4B213D /* Pods-LongLatMap.debug.xcconfig */ = {isa = PBXFileReference; includeInIndex = 1; lastKnownFileType = text.xcconfig; name = "Pods-LongLatMap.debug.xcconfig"; path = "Pods/Target Support Files/Pods-LongLatMap/Pods-LongLatMap.debug.xcconfig"; sourceTree = "<group>"; };
		E80FF195E43A9CEFB30D5D40 /* Pods-LongLatMap.release.xcconfig */ = {isa = PBXFileReference; includeInIndex = 1; lastKnownFileType = text.xcconfig; name = "Pods-LongLatMap.release.xcconfig"; path = "Pods/Target Support Files/Pods-LongLatMap/Pods-LongLatMap.release.xcconfig"; sourceTree = "<group>"; };
/* End PBXFileReference section */

/* Begin PBXFrameworksBuildPhase section */
		5AFF702D1D7EB02200252E53 /* Frameworks */ = {
			isa = PBXFrameworksBuildPhase;
			buildActionMask = 2147483647;
			files = (
				5AFBF5811D83F64D00B95D2D /* Eureka.framework in Frameworks */,
				5AFF704B1D7EB1B100252E53 /* ASToast.framework in Frameworks */,
				5AFF704C1D7EB1B100252E53 /* EZSwiftExtensions.framework in Frameworks */,
				C19307C897365C82CB31AC71 /* Pods_LongLatMap.framework in Frameworks */,
			);
			runOnlyForDeploymentPostprocessing = 0;
		};
/* End PBXFrameworksBuildPhase section */

/* Begin PBXGroup section */
		5AFF70271D7EB02200252E53 = {
			isa = PBXGroup;
			children = (
				5AFF70321D7EB02200252E53 /* LongLatMap */,
				5AFF70311D7EB02200252E53 /* Products */,
				784E515126E8EAE3ACEC428A /* Pods */,
				FA81AA67FC7E81878EAA822B /* Frameworks */,
			);
			sourceTree = "<group>";
		};
		5AFF70311D7EB02200252E53 /* Products */ = {
			isa = PBXGroup;
			children = (
				5AFF70301D7EB02200252E53 /* LongLatMap.app */,
			);
			name = Products;
			sourceTree = "<group>";
		};
		5AFF70321D7EB02200252E53 /* LongLatMap */ = {
			isa = PBXGroup;
			children = (
				5AFBF5821D8404C600B95D2D /* Marker+CoreDataProperties.swift */,
				5AFBF5831D8404C600B95D2D /* Marker.swift */,
				5A0057EB1D856F8C00F1B18A /* CDUtils.swift */,
				5AFF62931D868473004217D3 /* FormTags.swift */,
				5A004AB81D885179009EBC86 /* Colors.swift */,
				5AFFF3E81D91AF0C007E8913 /* MapType.swift */,
				5A004AB61D87D92F009EBC86 /* MarkerInfoControllerDelegate.swift */,
				5AFF70331D7EB02200252E53 /* AppDelegate.swift */,
				5AFF70351D7EB02200252E53 /* MapController.swift */,
				5A0057E71D853F6400F1B18A /* MarkerInfoController.swift */,
				5AF909591D905EA70018D1DC /* SettingsController.swift */,
				5A0057E91D85473000F1B18A /* DataPasserController.swift */,
				5AFF70371D7EB02200252E53 /* Main.storyboard */,
				5AFF703D1D7EB02200252E53 /* Assets.xcassets */,
				5AFF703F1D7EB02200252E53 /* LaunchScreen.storyboard */,
				5AFF70421D7EB02200252E53 /* Info.plist */,
				5AFF703A1D7EB02200252E53 /* LongLatMap.xcdatamodeld */,
				5AFE2B991D81C73800F483DD /* SecretStuff.swift */,
			);
			path = LongLatMap;
			sourceTree = "<group>";
		};
		784E515126E8EAE3ACEC428A /* Pods */ = {
			isa = PBXGroup;
			children = (
				D1B595A3B6F39532DF4B213D /* Pods-LongLatMap.debug.xcconfig */,
				E80FF195E43A9CEFB30D5D40 /* Pods-LongLatMap.release.xcconfig */,
			);
			name = Pods;
			sourceTree = "<group>";
		};
		FA81AA67FC7E81878EAA822B /* Frameworks */ = {
			isa = PBXGroup;
			children = (
				5AFBF5801D83F64D00B95D2D /* Eureka.framework */,
				5AFF704E1D7EB1B800252E53 /* MapKit.framework */,
				5AFF70481D7EB1B100252E53 /* ASToast.framework */,
				5AFF70491D7EB1B100252E53 /* EZSwiftExtensions.framework */,
				5AFF704A1D7EB1B100252E53 /* ISHHoverBar.framework */,
				011B55DC0C7150689C34DEBD /* Pods_LongLatMap.framework */,
			);
			name = Frameworks;
			sourceTree = "<group>";
		};
/* End PBXGroup section */

/* Begin PBXNativeTarget section */
		5AFF702F1D7EB02200252E53 /* LongLatMap */ = {
			isa = PBXNativeTarget;
			buildConfigurationList = 5AFF70451D7EB02200252E53 /* Build configuration list for PBXNativeTarget "LongLatMap" */;
			buildPhases = (
				F6CDAEC0DB4E3D3A098E5D96 /* [CP] Check Pods Manifest.lock */,
				5AFF702C1D7EB02200252E53 /* Sources */,
				5AFF702D1D7EB02200252E53 /* Frameworks */,
				5AFF702E1D7EB02200252E53 /* Resources */,
				379EF42A6EEB473D1F20E859 /* [CP] Embed Pods Frameworks */,
				10EBB7215F30C49E74520279 /* [CP] Copy Pods Resources */,
			);
			buildRules = (
			);
			dependencies = (
			);
			name = LongLatMap;
			productName = LongLatMap;
			productReference = 5AFF70301D7EB02200252E53 /* LongLatMap.app */;
			productType = "com.apple.product-type.application";
		};
/* End PBXNativeTarget section */

/* Begin PBXProject section */
		5AFF70281D7EB02200252E53 /* Project object */ = {
			isa = PBXProject;
			attributes = {
				LastSwiftUpdateCheck = 0730;
				LastUpgradeCheck = 0800;
				ORGANIZATIONNAME = "Mulang Su";
				TargetAttributes = {
					5AFF702F1D7EB02200252E53 = {
						CreatedOnToolsVersion = 7.3.1;
						DevelopmentTeam = E9MW74DJ4Y;
						LastSwiftMigration = 0800;
					};
				};
			};
			buildConfigurationList = 5AFF702B1D7EB02200252E53 /* Build configuration list for PBXProject "LongLatMap" */;
			compatibilityVersion = "Xcode 3.2";
			developmentRegion = English;
			hasScannedForEncodings = 0;
			knownRegions = (
				en,
				Base,
			);
			mainGroup = 5AFF70271D7EB02200252E53;
			productRefGroup = 5AFF70311D7EB02200252E53 /* Products */;
			projectDirPath = "";
			projectRoot = "";
			targets = (
				5AFF702F1D7EB02200252E53 /* LongLatMap */,
			);
		};
/* End PBXProject section */

/* Begin PBXResourcesBuildPhase section */
		5AFF702E1D7EB02200252E53 /* Resources */ = {
			isa = PBXResourcesBuildPhase;
			buildActionMask = 2147483647;
			files = (
				5AFF70411D7EB02200252E53 /* LaunchScreen.storyboard in Resources */,
				5AFF703E1D7EB02200252E53 /* Assets.xcassets in Resources */,
				5AFF70391D7EB02200252E53 /* Main.storyboard in Resources */,
			);
			runOnlyForDeploymentPostprocessing = 0;
		};
/* End PBXResourcesBuildPhase section */

/* Begin PBXShellScriptBuildPhase section */
		10EBB7215F30C49E74520279 /* [CP] Copy Pods Resources */ = {
			isa = PBXShellScriptBuildPhase;
			buildActionMask = 2147483647;
			files = (
			);
			inputPaths = (
			);
			name = "[CP] Copy Pods Resources";
			outputPaths = (
			);
			runOnlyForDeploymentPostprocessing = 0;
			shellPath = /bin/sh;
			shellScript = "\"${SRCROOT}/Pods/Target Support Files/Pods-LongLatMap/Pods-LongLatMap-resources.sh\"\n";
			showEnvVarsInLog = 0;
		};
		379EF42A6EEB473D1F20E859 /* [CP] Embed Pods Frameworks */ = {
			isa = PBXShellScriptBuildPhase;
			buildActionMask = 2147483647;
			files = (
			);
			inputPaths = (
			);
			name = "[CP] Embed Pods Frameworks";
			outputPaths = (
			);
			runOnlyForDeploymentPostprocessing = 0;
			shellPath = /bin/sh;
			shellScript = "\"${SRCROOT}/Pods/Target Support Files/Pods-LongLatMap/Pods-LongLatMap-frameworks.sh\"\n";
			showEnvVarsInLog = 0;
		};
		F6CDAEC0DB4E3D3A098E5D96 /* [CP] Check Pods Manifest.lock */ = {
			isa = PBXShellScriptBuildPhase;
			buildActionMask = 2147483647;
			files = (
			);
			inputPaths = (
			);
			name = "[CP] Check Pods Manifest.lock";
			outputPaths = (
			);
			runOnlyForDeploymentPostprocessing = 0;
			shellPath = /bin/sh;
			shellScript = "diff \"${PODS_ROOT}/../Podfile.lock\" \"${PODS_ROOT}/Manifest.lock\" > /dev/null\nif [ $? != 0 ] ; then\n    # print error to STDERR\n    echo \"error: The sandbox is not in sync with the Podfile.lock. Run 'pod install' or update your CocoaPods installation.\" >&2\n    exit 1\nfi\n";
			showEnvVarsInLog = 0;
		};
/* End PBXShellScriptBuildPhase section */

/* Begin PBXSourcesBuildPhase section */
		5AFF702C1D7EB02200252E53 /* Sources */ = {
			isa = PBXSourcesBuildPhase;
			buildActionMask = 2147483647;
			files = (
				5AFF70361D7EB02200252E53 /* MapController.swift in Sources */,
				5AF9095A1D905EA70018D1DC /* SettingsController.swift in Sources */,
				5AFFF3E91D91AF0C007E8913 /* MapType.swift in Sources */,
				5A004AB91D885179009EBC86 /* Colors.swift in Sources */,
				5A004AB71D87D92F009EBC86 /* MarkerInfoControllerDelegate.swift in Sources */,
				5A0057EA1D85473000F1B18A /* DataPasserController.swift in Sources */,
				5AFBF5841D8404C600B95D2D /* Marker+CoreDataProperties.swift in Sources */,
				5AFF70341D7EB02200252E53 /* AppDelegate.swift in Sources */,
				5AFE2B9A1D81C73800F483DD /* SecretStuff.swift in Sources */,
				5AFF703C1D7EB02200252E53 /* LongLatMap.xcdatamodeld in Sources */,
				5A0057E81D853F6400F1B18A /* MarkerInfoController.swift in Sources */,
				5AFBF5851D8404C600B95D2D /* Marker.swift in Sources */,
				5AFF62941D868473004217D3 /* FormTags.swift in Sources */,
				5A0057EC1D856F8C00F1B18A /* CDUtils.swift in Sources */,
			);
			runOnlyForDeploymentPostprocessing = 0;
		};
/* End PBXSourcesBuildPhase section */

/* Begin PBXVariantGroup section */
		5AFF70371D7EB02200252E53 /* Main.storyboard */ = {
			isa = PBXVariantGroup;
			children = (
				5AFF70381D7EB02200252E53 /* Base */,
			);
			name = Main.storyboard;
			sourceTree = "<group>";
		};
		5AFF703F1D7EB02200252E53 /* LaunchScreen.storyboard */ = {
			isa = PBXVariantGroup;
			children = (
				5AFF70401D7EB02200252E53 /* Base */,
			);
			name = LaunchScreen.storyboard;
			sourceTree = "<group>";
		};
/* End PBXVariantGroup section */

/* Begin XCBuildConfiguration section */
		5AFF70431D7EB02200252E53 /* Debug */ = {
			isa = XCBuildConfiguration;
			buildSettings = {
				ALWAYS_SEARCH_USER_PATHS = NO;
				CLANG_ANALYZER_NONNULL = YES;
				CLANG_CXX_LANGUAGE_STANDARD = "gnu++0x";
				CLANG_CXX_LIBRARY = "libc++";
				CLANG_ENABLE_MODULES = YES;
				CLANG_ENABLE_OBJC_ARC = YES;
				CLANG_WARN_BOOL_CONVERSION = YES;
				CLANG_WARN_CONSTANT_CONVERSION = YES;
				CLANG_WARN_DIRECT_OBJC_ISA_USAGE = YES_ERROR;
				CLANG_WARN_EMPTY_BODY = YES;
				CLANG_WARN_ENUM_CONVERSION = YES;
				CLANG_WARN_INFINITE_RECURSION = YES;
				CLANG_WARN_INT_CONVERSION = YES;
				CLANG_WARN_OBJC_ROOT_CLASS = YES_ERROR;
				CLANG_WARN_SUSPICIOUS_MOVE = YES;
				CLANG_WARN_UNREACHABLE_CODE = YES;
				CLANG_WARN__DUPLICATE_METHOD_MATCH = YES;
				"CODE_SIGN_IDENTITY[sdk=iphoneos*]" = "iPhone Developer";
				COPY_PHASE_STRIP = NO;
				DEBUG_INFORMATION_FORMAT = dwarf;
				ENABLE_STRICT_OBJC_MSGSEND = YES;
				ENABLE_TESTABILITY = YES;
				GCC_C_LANGUAGE_STANDARD = gnu99;
				GCC_DYNAMIC_NO_PIC = NO;
				GCC_NO_COMMON_BLOCKS = YES;
				GCC_OPTIMIZATION_LEVEL = 0;
				GCC_PREPROCESSOR_DEFINITIONS = (
					"DEBUG=1",
					"$(inherited)",
				);
				GCC_WARN_64_TO_32_BIT_CONVERSION = YES;
				GCC_WARN_ABOUT_RETURN_TYPE = YES_ERROR;
				GCC_WARN_UNDECLARED_SELECTOR = YES;
				GCC_WARN_UNINITIALIZED_AUTOS = YES_AGGRESSIVE;
				GCC_WARN_UNUSED_FUNCTION = YES;
				GCC_WARN_UNUSED_VARIABLE = YES;
				IPHONEOS_DEPLOYMENT_TARGET = 9.3;
				MTL_ENABLE_DEBUG_INFO = YES;
				ONLY_ACTIVE_ARCH = YES;
				SDKROOT = iphoneos;
				SWIFT_OPTIMIZATION_LEVEL = "-Onone";
				SWIFT_VERSION = 2.3;
				TARGETED_DEVICE_FAMILY = "1,2";
			};
			name = Debug;
		};
		5AFF70441D7EB02200252E53 /* Release */ = {
			isa = XCBuildConfiguration;
			buildSettings = {
				ALWAYS_SEARCH_USER_PATHS = NO;
				CLANG_ANALYZER_NONNULL = YES;
				CLANG_CXX_LANGUAGE_STANDARD = "gnu++0x";
				CLANG_CXX_LIBRARY = "libc++";
				CLANG_ENABLE_MODULES = YES;
				CLANG_ENABLE_OBJC_ARC = YES;
				CLANG_WARN_BOOL_CONVERSION = YES;
				CLANG_WARN_CONSTANT_CONVERSION = YES;
				CLANG_WARN_DIRECT_OBJC_ISA_USAGE = YES_ERROR;
				CLANG_WARN_EMPTY_BODY = YES;
				CLANG_WARN_ENUM_CONVERSION = YES;
				CLANG_WARN_INFINITE_RECURSION = YES;
				CLANG_WARN_INT_CONVERSION = YES;
				CLANG_WARN_OBJC_ROOT_CLASS = YES_ERROR;
				CLANG_WARN_SUSPICIOUS_MOVE = YES;
				CLANG_WARN_UNREACHABLE_CODE = YES;
				CLANG_WARN__DUPLICATE_METHOD_MATCH = YES;
				"CODE_SIGN_IDENTITY[sdk=iphoneos*]" = "iPhone Developer";
				COPY_PHASE_STRIP = NO;
				DEBUG_INFORMATION_FORMAT = "dwarf-with-dsym";
				ENABLE_NS_ASSERTIONS = NO;
				ENABLE_STRICT_OBJC_MSGSEND = YES;
				GCC_C_LANGUAGE_STANDARD = gnu99;
				GCC_NO_COMMON_BLOCKS = YES;
				GCC_WARN_64_TO_32_BIT_CONVERSION = YES;
				GCC_WARN_ABOUT_RETURN_TYPE = YES_ERROR;
				GCC_WARN_UNDECLARED_SELECTOR = YES;
				GCC_WARN_UNINITIALIZED_AUTOS = YES_AGGRESSIVE;
				GCC_WARN_UNUSED_FUNCTION = YES;
				GCC_WARN_UNUSED_VARIABLE = YES;
				IPHONEOS_DEPLOYMENT_TARGET = 9.3;
				MTL_ENABLE_DEBUG_INFO = NO;
				SDKROOT = iphoneos;
				SWIFT_OPTIMIZATION_LEVEL = "-Owholemodule";
				SWIFT_VERSION = 2.3;
				TARGETED_DEVICE_FAMILY = "1,2";
				VALIDATE_PRODUCT = YES;
			};
			name = Release;
		};
		5AFF70461D7EB02200252E53 /* Debug */ = {
			isa = XCBuildConfiguration;
			baseConfigurationReference = D1B595A3B6F39532DF4B213D /* Pods-LongLatMap.debug.xcconfig */;
			buildSettings = {
				ALWAYS_EMBED_SWIFT_STANDARD_LIBRARIES = YES;
				ASSETCATALOG_COMPILER_APPICON_NAME = AppIcon;
				CODE_SIGN_IDENTITY = "iPhone Developer";
				"CODE_SIGN_IDENTITY[sdk=iphoneos*]" = "iPhone Developer";
				INFOPLIST_FILE = LongLatMap/Info.plist;
				IPHONEOS_DEPLOYMENT_TARGET = 8.0;
				LD_RUNPATH_SEARCH_PATHS = "$(inherited) @executable_path/Frameworks";
				PRODUCT_BUNDLE_IDENTIFIER = com.LongLatMap;
				PRODUCT_NAME = "$(TARGET_NAME)";
				PROVISIONING_PROFILE = "";
				SWIFT_VERSION = 3.0;
			};
			name = Debug;
		};
		5AFF70471D7EB02200252E53 /* Release */ = {
			isa = XCBuildConfiguration;
			baseConfigurationReference = E80FF195E43A9CEFB30D5D40 /* Pods-LongLatMap.release.xcconfig */;
			buildSettings = {
				ALWAYS_EMBED_SWIFT_STANDARD_LIBRARIES = YES;
				ASSETCATALOG_COMPILER_APPICON_NAME = AppIcon;
				CODE_SIGN_IDENTITY = "iPhone Developer";
				"CODE_SIGN_IDENTITY[sdk=iphoneos*]" = "iPhone Developer";
				INFOPLIST_FILE = LongLatMap/Info.plist;
				IPHONEOS_DEPLOYMENT_TARGET = 8.0;
				LD_RUNPATH_SEARCH_PATHS = "$(inherited) @executable_path/Frameworks";
				PRODUCT_BUNDLE_IDENTIFIER = com.LongLatMap;
				PRODUCT_NAME = "$(TARGET_NAME)";
				PROVISIONING_PROFILE = "";
				SWIFT_VERSION = 3.0;
			};
			name = Release;
		};
/* End XCBuildConfiguration section */

/* Begin XCConfigurationList section */
		5AFF702B1D7EB02200252E53 /* Build configuration list for PBXProject "LongLatMap" */ = {
			isa = XCConfigurationList;
			buildConfigurations = (
				5AFF70431D7EB02200252E53 /* Debug */,
				5AFF70441D7EB02200252E53 /* Release */,
			);
			defaultConfigurationIsVisible = 0;
			defaultConfigurationName = Release;
		};
		5AFF70451D7EB02200252E53 /* Build configuration list for PBXNativeTarget "LongLatMap" */ = {
			isa = XCConfigurationList;
			buildConfigurations = (
				5AFF70461D7EB02200252E53 /* Debug */,
				5AFF70471D7EB02200252E53 /* Release */,
			);
			defaultConfigurationIsVisible = 0;
			defaultConfigurationName = Release;
		};
/* End XCConfigurationList section */

/* Begin XCVersionGroup section */
		5AFF703A1D7EB02200252E53 /* LongLatMap.xcdatamodeld */ = {
			isa = XCVersionGroup;
			children = (
				5AFF703B1D7EB02200252E53 /* LongLatMap.xcdatamodel */,
			);
			currentVersion = 5AFF703B1D7EB02200252E53 /* LongLatMap.xcdatamodel */;
			path = LongLatMap.xcdatamodeld;
			sourceTree = "<group>";
			versionGroupType = wrapper.xcdatamodel;
		};
/* End XCVersionGroup section */
	};
	rootObject = 5AFF70281D7EB02200252E53 /* Project object */;
}
